
Microsoft Visual Studio Solution File, Format Version 12.00
# Visual Studio Version 16
VisualStudioVersion = 16.0.29505.145
MinimumVisualStudioVersion = 10.0.40219.1
Project("{FAE04EC0-301F-11D3-BF4B-00C04F79EFBC}") = "ConceptsClient", "ConceptsClient\ConceptsClient.csproj", "{CF16607C-3B81-489A-B528-E3F5026386FB}"
EndProject
Global
	GlobalSection(SolutionConfigurationPlatforms) = preSolution
		Debug|Any CPU = Debug|Any CPU
		Release|Any CPU = Release|Any CPU
	EndGlobalSection
	GlobalSection(ProjectConfigurationPlatforms) = postSolution
		{CF16607C-3B81-489A-B528-E3F5026386FB}.Debug|Any CPU.ActiveCfg = Debug|Any CPU
		{CF16607C-3B81-489A-B528-E3F5026386FB}.Debug|Any CPU.Build.0 = Debug|Any CPU
		{CF16607C-3B81-489A-B528-E3F5026386FB}.Release|Any CPU.ActiveCfg = Release|Any CPU
		{CF16607C-3B81-489A-B528-E3F5026386FB}.Release|Any CPU.Build.0 = Release|Any CPU
	EndGlobalSection
	GlobalSection(SolutionProperties) = preSolution
		HideSolutionNode = FALSE
	EndGlobalSection
	GlobalSection(ExtensibilityGlobals) = postSolution
		SolutionGuid = {EEDF2B2F-384F-4128-B544-1BFD99DEF320}
	EndGlobalSection
EndGlobal
